{
  "version": "2",
  "remote": {
    "https://deno.land/std@0.120.0/fmt/colors.ts": "8368ddf2d48dfe413ffd04cdbb7ae6a1009cf0dccc9c7ff1d76259d9c61a0621",
    "https://deno.land/std@0.120.0/testing/_diff.ts": "e6a10d2aca8d6c27a9c5b8a2dbbf64353874730af539707b5b39d4128140642d",
    "https://deno.land/std@0.120.0/testing/asserts.ts": "3ef8c26b2a1e8e71c8a39279ab98e5743d1131a719b13828c6cd8e29f211ddaa",
    "https://deno.land/std@0.149.0/fmt/colors.ts": "6f9340b7fb8cc25a993a99e5efc56fe81bb5af284ff412129dd06df06f53c0b4",
    "https://deno.land/std@0.149.0/testing/_diff.ts": "029a00560b0d534bc0046f1bce4bd36b3b41ada3f2a3178c85686eb2ff5f1413",
    "https://deno.land/std@0.149.0/testing/_format.ts": "0d8dc79eab15b67cdc532826213bbe05bccfd276ca473a50a3fc7bbfb7260642",
    "https://deno.land/std@0.149.0/testing/asserts.ts": "0ee58a557ac764e762c62bb21f00e7d897e3919e71be38b2d574fb441d721005",
    "https://deno.land/std@0.153.0/fmt/colors.ts": "ff7dc9c9f33a72bd48bc24b21bbc1b4545d8494a431f17894dbc5fe92a938fc4",
    "https://deno.land/std@0.153.0/testing/_diff.ts": "141f978a283defc367eeee3ff7b58aa8763cf7c8e0c585132eae614468e9d7b8",
    "https://deno.land/std@0.153.0/testing/_format.ts": "cd11136e1797791045e639e9f0f4640d5b4166148796cad37e6ef75f7d7f3832",
    "https://deno.land/std@0.153.0/testing/asserts.ts": "d6595cfc330b4233546a047a0d7d57940771aa9d97a172ceb91e84ae6200b3af",
    "https://deno.land/std@0.193.0/fmt/colors.ts": "d67e3cd9f472535241a8e410d33423980bec45047e343577554d3356e1f0ef4e",
    "https://deno.land/std@0.193.0/testing/_diff.ts": "1a3c044aedf77647d6cac86b798c6417603361b66b54c53331b312caeb447aea",
    "https://deno.land/std@0.193.0/testing/_format.ts": "a69126e8a469009adf4cf2a50af889aca364c349797e63174884a52ff75cf4c7",
    "https://deno.land/std@0.193.0/testing/asserts.ts": "056d571baaefc7f13af3e29ad6a66d4dbe5355d3cb2ae130e7d2a1b1e01085e3",
    "https://deno.land/x/aloedb@0.9.0/lib/core.ts": "1dde5be37471c5a9d65cc86b7e19203456c3cc66ac89a32b60ddc3b66e7606ef",
    "https://deno.land/x/aloedb@0.9.0/lib/database.ts": "4463ea3d5860ef5c6e594a518fb80c3d167f0e664f6f49d6b29c2f76ca186d0e",
    "https://deno.land/x/aloedb@0.9.0/lib/helpers.ts": "9e0a8a9c52136246f6c3ca0b169f0b6d4e2db3b2c5b3b526ade5b2ff7d26429f",
    "https://deno.land/x/aloedb@0.9.0/lib/reader.ts": "4f293abf368a2c5eefd8b7e52c6474f3bc9420e5be8105bc39b35fadda716981",
    "https://deno.land/x/aloedb@0.9.0/lib/types.ts": "e099cd43684658d28c2c0c52f595acbac44193ca7bf9294db508f9fd4591fcc1",
    "https://deno.land/x/aloedb@0.9.0/lib/utils.ts": "d8139e452d009c7d2ce0335abd7da466b0536188bc52f46f1df499a64920c9ba",
    "https://deno.land/x/aloedb@0.9.0/lib/writer.ts": "834f961f60c86d1a65caf963dbc34ff59f863706fbb3e2f026444f028bae6634",
    "https://deno.land/x/aloedb@0.9.0/mod.ts": "f1aa9beb667cc055886647b5e8998b51046a58ac35251b42ddc68eec43502f83",
    "https://deno.land/x/combine@v0.0.10/mod.ts": "bd4c2909b9d645c4573bee831a8903adb5f5462ab9613745d46123a842cf6cf5",
    "https://deno.land/x/combine@v0.0.10/src/Parser.ts": "c8e27f4247c89dcc868c535b043bfbc88755ea0b4b959b9dfecdb7169fb719e5",
    "https://deno.land/x/combine@v0.0.10/src/Trie.ts": "ced8f9b5c1062cb86db8fac1c41546e093cc1d3eee68928d169e2e8243df840c",
    "https://deno.land/x/combine@v0.0.10/src/combinators.ts": "b0f7bde30ce77c3cb9c7afb1e462acd0a65a3bdee347e8dbefee652a4e621850",
    "https://deno.land/x/combine@v0.0.10/src/language.ts": "dd89e327e0cd3e3ea45c37a8fcce48993292ee900e2b460d43fc574c6de0fc82",
    "https://deno.land/x/combine@v0.0.10/src/parsers.ts": "000c70ae0a6d680134cd0f6d8cfbcdbdc82115d245290f737b397b827b3aa361",
    "https://deno.land/x/combine@v0.0.10/src/utility.ts": "ef5fd909ae85e4c2d4d448bbee8a959eda48114735a65c4236fad405c366e073",
    "https://deno.land/x/combine@v0.0.9/mod.ts": "bd4c2909b9d645c4573bee831a8903adb5f5462ab9613745d46123a842cf6cf5",
    "https://deno.land/x/combine@v0.0.9/src/Parser.ts": "c8e27f4247c89dcc868c535b043bfbc88755ea0b4b959b9dfecdb7169fb719e5",
    "https://deno.land/x/combine@v0.0.9/src/Trie.ts": "ced8f9b5c1062cb86db8fac1c41546e093cc1d3eee68928d169e2e8243df840c",
    "https://deno.land/x/combine@v0.0.9/src/combinators.ts": "9242cd7e10bcc805ffc07dccca8dfe38172363780ee67f982570fc5967a5e5fa",
    "https://deno.land/x/combine@v0.0.9/src/language.ts": "ea59051bae404de8b4d9e1f4873da4505a786bb24550a0d9a22ed26cf7c35540",
    "https://deno.land/x/combine@v0.0.9/src/parsers.ts": "000c70ae0a6d680134cd0f6d8cfbcdbdc82115d245290f737b397b827b3aa361",
    "https://deno.land/x/combine@v0.0.9/src/utility.ts": "69b28110ee86b7b3f4264214a1de4f469edbd25d29c35e1f078f873bb489ae96",
    "https://denopkg.com/xubaiw/deno-rdflib@main/mod.ts": "2daf2cdd5901ab2cf65c45a227367d7a2016c065d3f75be77bf1154a4bcb588b",
    "https://denopkg.com/xubaiw/deno-rdflib@main/model.ts": "ab5291cc2d0e999fec04151440555ca5ff956f12587d4c4f17602cd5210d6a7f",
    "https://denopkg.com/xubaiw/deno-rdflib@main/store.ts": "b46a74be0ffef1bc44f1d90e81d1de6256fa5e9b408fe9270ddeb5d8aaa5afe9",
    "https://denopkg.com/xubaiw/deno-rdflib@main/vocabs/utils.ts": "8894d0dfacae83c5e6e405fb14b67bb277cad23cb9da19531630f1c6d525b649",
    "https://denopkg.com/xubaiw/deno-rdflib@main/vocabs/xsd.ts": "8b4e195449597ecd34e585ae16237c58a27b9885029ffbf32c536c0480c413fe",
    "https://denopkg.com/xubaiw/parthroc@084c6913fe89cbc14fef5db9edc8245b68dba28f/mod.ts": "8919334aa9b9c3e5a82b65b78e67bb4e91948e95bcd29397abbc9e52af766545",
    "https://denopkg.com/xubaiw/parthroc@c691b03e46433904cf223e1b3466b2aff8425c6c/mod.ts": "2707b2f9e0e499248235e6e7abce9ff6519e3b081b66efd3848cf5ce0d657a51",
    "https://denopkg.com/xubaiw/parthroc@cd811b0cf7d2f6fc35fe8d66a84fd1f9bee1a313/mod.ts": "9c3b227854c220913ab60b7a7fc4b513c2920646c6a08dc4c1e95c4858110cc5"
  },
  "npm": {
    "specifiers": {
      "rambda": "rambda@8.1.0"
    },
    "packages": {
      "rambda@8.1.0": {
        "integrity": "sha512-S6+0BH0N7PQVmYT6kE37DL5hxmnD6fBh3rfYOZSNVFpLjL6NQRYvHBo27WR4derYOnrOIhoXIzXNsTBZU3oZLg==",
        "dependencies": {}
      }
    }
  }
}
